github.com/xanygo/anygo v0.0.0-20260910023213-63ac3336a5a8 h1:V8lNR3InD5MD2mir788XuTgws/73RYA5I25qmevAutU=
github.com/xanygo/anygo v0.0.0-20260910023213-63ac3336a5a8/go.mod h1:zpUt2D4+10gv7pDKsdYZQMl3Kqta0q0CwbgziqAvqCk=
github.com/xanygo/webr v0.0.0-20260910023435-c4baf2ed7645 h1:RPqSAppwxcAppoT+CSQibg3stRp9KV8e5dTK1I2lBcs=
github.com/xanygo/webr v0.0.0-20260910023435-c4baf2ed7645/go.mod h1:TJtW92whhduExJuQLGwXjhM0TJBiMJ7i/yZOvU2zl58=
