github.com/xanygo/anygo v0.0.0-20260907065131-6d81e71ddc7f h1:ErEkcgxmb3Vdi9LK2eYmGPHpGEHbNhw/MBnROmLvVGQ=
github.com/xanygo/anygo v0.0.0-20260907065131-6d81e71ddc7f/go.mod h1:zpUt2D4+10gv7pDKsdYZQMl3Kqta0q0CwbgziqAvqCk=
github.com/xanygo/webr v0.0.0-20260907065448-67e686a23ad5 h1:SuRiV7t9z8/gmMJ05DwK9uCbFdXukP8sT9ednFU5Kcg=
github.com/xanygo/webr v0.0.0-20260907065448-67e686a23ad5/go.mod h1:0OQhEAUhLbPNJ7Kz7F8FE41dkAepo5mobZq8DygBsdQ=
